
Microsoft Visual Studio Solution File, Format Version 12.00
# Visual Studio 15
VisualStudioVersion = 15.0.28307.329
MinimumVisualStudioVersion = 10.0.40219.1
Project("{FAE04EC0-301F-11D3-BF4B-00C04F79EFBC}") = "JeopardyCore", "JeopardyCore\JeopardyCore.csproj", "{A516D09C-8F50-4EBC-9034-7185CBAA3DD2}"
EndProject
Global
	GlobalSection(SolutionConfigurationPlatforms) = preSolution
		Debug|Any CPU = Debug|Any CPU
		Release|Any CPU = Release|Any CPU
	EndGlobalSection
	GlobalSection(ProjectConfigurationPlatforms) = postSolution
		{A516D09C-8F50-4EBC-9034-7185CBAA3DD2}.Debug|Any CPU.ActiveCfg = Debug|Any CPU
		{A516D09C-8F50-4EBC-9034-7185CBAA3DD2}.Debug|Any CPU.Build.0 = Debug|Any CPU
		{A516D09C-8F50-4EBC-9034-7185CBAA3DD2}.Release|Any CPU.ActiveCfg = Release|Any CPU
		{A516D09C-8F50-4EBC-9034-7185CBAA3DD2}.Release|Any CPU.Build.0 = Release|Any CPU
	EndGlobalSection
	GlobalSection(SolutionProperties) = preSolution
		HideSolutionNode = FALSE
	EndGlobalSection
	GlobalSection(ExtensibilityGlobals) = postSolution
		SolutionGuid = {432F5FB9-AE59-4C85-96EC-BAD24218FD87}
	EndGlobalSection
EndGlobal
